
Microsoft Visual Studio Solution File, Format Version 12.00
# Visual Studio Version 17
VisualStudioVersion = 17.3.32901.215
MinimumVisualStudioVersion = 10.0.40219.1
Project("{FAE04EC0-301F-11D3-BF4B-00C04F79EFBC}") = "20.101_Ivanov_09", "20.101_Ivanov_09\20.101_Ivanov_09.csproj", "{742D7D5F-C0AA-4A3E-AB10-746E67F0AAB7}"
EndProject
Global
	GlobalSection(SolutionConfigurationPlatforms) = preSolution
		Debug|Any CPU = Debug|Any CPU
		Release|Any CPU = Release|Any CPU
	EndGlobalSection
	GlobalSection(ProjectConfigurationPlatforms) = postSolution
		{742D7D5F-C0AA-4A3E-AB10-746E67F0AAB7}.Debug|Any CPU.ActiveCfg = Debug|Any CPU
		{742D7D5F-C0AA-4A3E-AB10-746E67F0AAB7}.Debug|Any CPU.Build.0 = Debug|Any CPU
		{742D7D5F-C0AA-4A3E-AB10-746E67F0AAB7}.Release|Any CPU.ActiveCfg = Release|Any CPU
		{742D7D5F-C0AA-4A3E-AB10-746E67F0AAB7}.Release|Any CPU.Build.0 = Release|Any CPU
	EndGlobalSection
	GlobalSection(SolutionProperties) = preSolution
		HideSolutionNode = FALSE
	EndGlobalSection
	GlobalSection(ExtensibilityGlobals) = postSolution
		SolutionGuid = {FC9A10D3-9975-4B82-BA96-3472C1255D54}
	EndGlobalSection
EndGlobal
